SITE
  remote: http://community.opscode.com/api/v1
  specs:
    apache2 (1.7.0)
    build-essential (1.4.0)
    chef_handler (1.1.4)
    cron (1.2.4)
    dmg (1.1.0)
    git (2.5.2)
      build-essential (>= 0.0.0)
      dmg (>= 0.0.0)
      runit (>= 1.0)
      windows (>= 0.0.0)
      yum (>= 0.0.0)
    mysql (3.0.2)
      build-essential (> 1.1.0)
      openssl (>= 0.0.0)
    openssl (1.0.2)
    php (1.2.2)
      build-essential (>= 0.0.0)
      mysql (>= 0.0.0)
      xml (>= 0.0.0)
    runit (1.1.6)
      build-essential (>= 0.0.0)
      yum (>= 0.0.0)
    subversion (1.0.2)
      apache2 (>= 0.0.0)
      windows (>= 0.0.0)
    windows (1.10.0)
      chef_handler (>= 0.0.0)
    xml (1.1.2)
      build-essential (>= 0.0.0)
    yum (2.3.0)

GIT
  remote: https://github.com/flaccid/cookbooks
  path: cookbooks/php_app
  ref: master
  sha: 91eabc36fdb6c7bb36b6007eef6a6a9656070b05
  specs:
    php_app (0.1.0)
      application (>= 0.0.0)
      application_php (>= 0.0.0)
      git (>= 0.0.0)
      subversion (>= 0.0.0)

GIT
  remote: https://github.com/flaccid/cookbooks
  path: cookbooks/system
  ref: master
  sha: 28bcd8b2633f3687f7c1c53d56f65d03594081e9
  specs:
    system (0.0.1)
      cron (>= 0.0.0)

GIT
  remote: https://github.com/opscode-cookbooks/application
  ref: 3.0.0
  sha: 4f46a4523b2133e1e7a3d4d3d8b3a60dd7ff5997
  specs:
    application (3.0.0)

GIT
  remote: https://github.com/opscode-cookbooks/application_php
  ref: 2.0.0
  sha: 3dba7d749dac3e47cdae9750f9d3f913c672d478
  specs:
    application_php (2.0.0)
      apache2 (>= 0.0.0)
      application (~> 3.0)
      php (>= 0.0.0)

GIT
  remote: https://github.com/opscode-cookbooks/git
  ref: 2.5.2
  sha: ffb6add41b386c89debe1203291d397f970d3c5f
  specs:
    apt (2.5.2)
      build-essential (>= 0.0.0)
      dmg (>= 0.0.0)
      runit (>= 1.0)
      windows (>= 0.0.0)
      yum (>= 0.0.0)

DEPENDENCIES
  application (>= 0)
  application_php (>= 0)
  apt (>= 0)
  php_app (>= 0)
  system (>= 0)

